
Microsoft Visual Studio Solution File, Format Version 12.00
# Visual Studio 15
VisualStudioVersion = 15.0.28010.2046
MinimumVisualStudioVersion = 10.0.40219.1
Project("{F184B08F-C81C-45F6-A57F-5ABD9991F28F}") = "InternetCafe", "InternetCafe\InternetCafe.vbproj", "{FA657E4C-CF7E-4023-A13B-F9651A149608}"
EndProject
Global
	GlobalSection(SolutionConfigurationPlatforms) = preSolution
		Debug|Any CPU = Debug|Any CPU
		Release|Any CPU = Release|Any CPU
	EndGlobalSection
	GlobalSection(ProjectConfigurationPlatforms) = postSolution
		{FA657E4C-CF7E-4023-A13B-F9651A149608}.Debug|Any CPU.ActiveCfg = Debug|Any CPU
		{FA657E4C-CF7E-4023-A13B-F9651A149608}.Debug|Any CPU.Build.0 = Debug|Any CPU
		{FA657E4C-CF7E-4023-A13B-F9651A149608}.Release|Any CPU.ActiveCfg = Release|Any CPU
		{FA657E4C-CF7E-4023-A13B-F9651A149608}.Release|Any CPU.Build.0 = Release|Any CPU
	EndGlobalSection
	GlobalSection(SolutionProperties) = preSolution
		HideSolutionNode = FALSE
	EndGlobalSection
	GlobalSection(ExtensibilityGlobals) = postSolution
		SolutionGuid = {E54B7400-9AF9-4A5F-978B-5F7CCCD3CE75}
	EndGlobalSection
EndGlobal
