
Microsoft Visual Studio Solution File, Format Version 12.00
# Visual Studio 15
VisualStudioVersion = 15.0.28010.2046
MinimumVisualStudioVersion = 10.0.40219.1
Project("{F184B08F-C81C-45F6-A57F-5ABD9991F28F}") = "GalaxyTrekkers", "GalaxyTrekkers\GalaxyTrekkers.vbproj", "{B1B78AAA-E32C-4621-A46F-A135F611145B}"
EndProject
Global
	GlobalSection(SolutionConfigurationPlatforms) = preSolution
		Debug|Any CPU = Debug|Any CPU
		Release|Any CPU = Release|Any CPU
	EndGlobalSection
	GlobalSection(ProjectConfigurationPlatforms) = postSolution
		{B1B78AAA-E32C-4621-A46F-A135F611145B}.Debug|Any CPU.ActiveCfg = Debug|Any CPU
		{B1B78AAA-E32C-4621-A46F-A135F611145B}.Debug|Any CPU.Build.0 = Debug|Any CPU
		{B1B78AAA-E32C-4621-A46F-A135F611145B}.Release|Any CPU.ActiveCfg = Release|Any CPU
		{B1B78AAA-E32C-4621-A46F-A135F611145B}.Release|Any CPU.Build.0 = Release|Any CPU
	EndGlobalSection
	GlobalSection(SolutionProperties) = preSolution
		HideSolutionNode = FALSE
	EndGlobalSection
	GlobalSection(ExtensibilityGlobals) = postSolution
		SolutionGuid = {540725AB-709A-40C4-B464-46C4C531AFF4}
	EndGlobalSection
EndGlobal
