// !$*UTF8*$!
{
	archiveVersion = 1;
	classes = {
	};
	objectVersion = 50;
	objects = {

/* Begin PBXBuildFile section */
		A560CABA210FD9320020861D /* AppDelegate.swift in Sources */ = {isa = PBXBuildFile; fileRef = A560CAB9210FD9320020861D /* AppDelegate.swift */; };
		A560CABC210FD9320020861D /* ViewController.swift in Sources */ = {isa = PBXBuildFile; fileRef = A560CABB210FD9320020861D /* ViewController.swift */; };
		A560CABF210FD9320020861D /* Main.storyboard in Resources */ = {isa = PBXBuildFile; fileRef = A560CABD210FD9320020861D /* Main.storyboard */; };
		A560CAC2210FD9320020861D /* SimpleCheckList.xcdatamodeld in Sources */ = {isa = PBXBuildFile; fileRef = A560CAC0210FD9320020861D /* SimpleCheckList.xcdatamodeld */; };
		A560CAC4210FD9330020861D /* Assets.xcassets in Resources */ = {isa = PBXBuildFile; fileRef = A560CAC3210FD9330020861D /* Assets.xcassets */; };
		A560CAC7210FD9330020861D /* LaunchScreen.storyboard in Resources */ = {isa = PBXBuildFile; fileRef = A560CAC5210FD9330020861D /* LaunchScreen.storyboard */; };
/* End PBXBuildFile section */

/* Begin PBXFileReference section */
		A560CAB6210FD9320020861D /* SimpleCheckList.app */ = {isa = PBXFileReference; explicitFileType = wrapper.application; includeInIndex = 0; path = SimpleCheckList.app; sourceTree = BUILT_PRODUCTS_DIR; };
		A560CAB9210FD9320020861D /* AppDelegate.swift */ = {isa = PBXFileReference; lastKnownFileType = sourcecode.swift; path = AppDelegate.swift; sourceTree = "<group>"; };
		A560CABB210FD9320020861D /* ViewController.swift */ = {isa = PBXFileReference; lastKnownFileType = sourcecode.swift; path = ViewController.swift; sourceTree = "<group>"; };
		A560CABE210FD9320020861D /* Base */ = {isa = PBXFileReference; lastKnownFileType = file.storyboard; name = Base; path = Base.lproj/Main.storyboard; sourceTree = "<group>"; };
		A560CAC1210FD9320020861D /* SimpleCheckList.xcdatamodel */ = {isa = PBXFileReference; lastKnownFileType = wrapper.xcdatamodel; path = SimpleCheckList.xcdatamodel; sourceTree = "<group>"; };
		A560CAC3210FD9330020861D /* Assets.xcassets */ = {isa = PBXFileReference; lastKnownFileType = folder.assetcatalog; path = Assets.xcassets; sourceTree = "<group>"; };
		A560CAC6210FD9330020861D /* Base */ = {isa = PBXFileReference; lastKnownFileType = file.storyboard; name = Base; path = Base.lproj/LaunchScreen.storyboard; sourceTree = "<group>"; };
		A560CAC8210FD9330020861D /* Info.plist */ = {isa = PBXFileReference; lastKnownFileType = text.plist.xml; path = Info.plist; sourceTree = "<group>"; };
/* End PBXFileReference section */

/* Begin PBXFrameworksBuildPhase section */
		A560CAB3210FD9320020861D /* Frameworks */ = {
			isa = PBXFrameworksBuildPhase;
			buildActionMask = 2147483647;
			files = (
			);
			runOnlyForDeploymentPostprocessing = 0;
		};
/* End PBXFrameworksBuildPhase section */

/* Begin PBXGroup section */
		A560CAAD210FD9320020861D = {
			isa = PBXGroup;
			children = (
				A560CAB8210FD9320020861D /* SimpleCheckList */,
				A560CAB7210FD9320020861D /* Products */,
			);
			sourceTree = "<group>";
		};
		A560CAB7210FD9320020861D /* Products */ = {
			isa = PBXGroup;
			children = (
				A560CAB6210FD9320020861D /* SimpleCheckList.app */,
			);
			name = Products;
			sourceTree = "<group>";
		};
		A560CAB8210FD9320020861D /* SimpleCheckList */ = {
			isa = PBXGroup;
			children = (
				A560CAB9210FD9320020861D /* AppDelegate.swift */,
				A560CABB210FD9320020861D /* ViewController.swift */,
				A560CABD210FD9320020861D /* Main.storyboard */,
				A560CAC3210FD9330020861D /* Assets.xcassets */,
				A560CAC5210FD9330020861D /* LaunchScreen.storyboard */,
				A560CAC8210FD9330020861D /* Info.plist */,
				A560CAC0210FD9320020861D /* SimpleCheckList.xcdatamodeld */,
			);
			path = SimpleCheckList;
			sourceTree = "<group>";
		};
/* End PBXGroup section */

/* Begin PBXNativeTarget section */
		A560CAB5210FD9320020861D /* SimpleCheckList */ = {
			isa = PBXNativeTarget;
			buildConfigurationList = A560CACB210FD9330020861D /* Build configuration list for PBXNativeTarget "SimpleCheckList" */;
			buildPhases = (
				A560CAB2210FD9320020861D /* Sources */,
				A560CAB3210FD9320020861D /* Frameworks */,
				A560CAB4210FD9320020861D /* Resources */,
			);
			buildRules = (
			);
			dependencies = (
			);
			name = SimpleCheckList;
			productName = SimpleCheckList;
			productReference = A560CAB6210FD9320020861D /* SimpleCheckList.app */;
			productType = "com.apple.product-type.application";
		};
/* End PBXNativeTarget section */

/* Begin PBXProject section */
		A560CAAE210FD9320020861D /* Project object */ = {
			isa = PBXProject;
			attributes = {
				LastSwiftUpdateCheck = 1000;
				LastUpgradeCheck = 1000;
				ORGANIZATIONNAME = "Timothy Waters";
				TargetAttributes = {
					A560CAB5210FD9320020861D = {
						CreatedOnToolsVersion = 10.0;
					};
				};
			};
			buildConfigurationList = A560CAB1210FD9320020861D /* Build configuration list for PBXProject "SimpleCheckList" */;
			compatibilityVersion = "Xcode 9.3";
			developmentRegion = en;
			hasScannedForEncodings = 0;
			knownRegions = (
				en,
				Base,
			);
			mainGroup = A560CAAD210FD9320020861D;
			productRefGroup = A560CAB7210FD9320020861D /* Products */;
			projectDirPath = "";
			projectRoot = "";
			targets = (
				A560CAB5210FD9320020861D /* SimpleCheckList */,
			);
		};
/* End PBXProject section */

/* Begin PBXResourcesBuildPhase section */
		A560CAB4210FD9320020861D /* Resources */ = {
			isa = PBXResourcesBuildPhase;
			buildActionMask = 2147483647;
			files = (
				A560CAC7210FD9330020861D /* LaunchScreen.storyboard in Resources */,
				A560CAC4210FD9330020861D /* Assets.xcassets in Resources */,
				A560CABF210FD9320020861D /* Main.storyboard in Resources */,
			);
			runOnlyForDeploymentPostprocessing = 0;
		};
/* End PBXResourcesBuildPhase section */

/* Begin PBXSourcesBuildPhase section */
		A560CAB2210FD9320020861D /* Sources */ = {
			isa = PBXSourcesBuildPhase;
			buildActionMask = 2147483647;
			files = (
				A560CABC210FD9320020861D /* ViewController.swift in Sources */,
				A560CAC2210FD9320020861D /* SimpleCheckList.xcdatamodeld in Sources */,
				A560CABA210FD9320020861D /* AppDelegate.swift in Sources */,
			);
			runOnlyForDeploymentPostprocessing = 0;
		};
/* End PBXSourcesBuildPhase section */

/* Begin PBXVariantGroup section */
		A560CABD210FD9320020861D /* Main.storyboard */ = {
			isa = PBXVariantGroup;
			children = (
				A560CABE210FD9320020861D /* Base */,
			);
			name = Main.storyboard;
			sourceTree = "<group>";
		};
		A560CAC5210FD9330020861D /* LaunchScreen.storyboard */ = {
			isa = PBXVariantGroup;
			children = (
				A560CAC6210FD9330020861D /* Base */,
			);
			name = LaunchScreen.storyboard;
			sourceTree = "<group>";
		};
/* End PBXVariantGroup section */

/* Begin XCBuildConfiguration section */
		A560CAC9210FD9330020861D /* Debug */ = {
			isa = XCBuildConfiguration;
			buildSettings = {
				ALWAYS_SEARCH_USER_PATHS = NO;
				CLANG_ANALYZER_NONNULL = YES;
				CLANG_ANALYZER_NUMBER_OBJECT_CONVERSION = YES_AGGRESSIVE;
				CLANG_CXX_LANGUAGE_STANDARD = "gnu++14";
				CLANG_CXX_LIBRARY = "libc++";
				CLANG_ENABLE_MODULES = YES;
				CLANG_ENABLE_OBJC_ARC = YES;
				CLANG_ENABLE_OBJC_WEAK = YES;
				CLANG_WARN_BLOCK_CAPTURE_AUTORELEASING = YES;
				CLANG_WARN_BOOL_CONVERSION = YES;
				CLANG_WARN_COMMA = YES;
				CLANG_WARN_CONSTANT_CONVERSION = YES;
				CLANG_WARN_DEPRECATED_OBJC_IMPLEMENTATIONS = YES;
				CLANG_WARN_DIRECT_OBJC_ISA_USAGE = YES_ERROR;
				CLANG_WARN_DOCUMENTATION_COMMENTS = YES;
				CLANG_WARN_EMPTY_BODY = YES;
				CLANG_WARN_ENUM_CONVERSION = YES;
				CLANG_WARN_INFINITE_RECURSION = YES;
				CLANG_WARN_INT_CONVERSION = YES;
				CLANG_WARN_NON_LITERAL_NULL_CONVERSION = YES;
				CLANG_WARN_OBJC_IMPLICIT_RETAIN_SELF = YES;
				CLANG_WARN_OBJC_LITERAL_CONVERSION = YES;
				CLANG_WARN_OBJC_ROOT_CLASS = YES_ERROR;
				CLANG_WARN_RANGE_LOOP_ANALYSIS = YES;
				CLANG_WARN_STRICT_PROTOTYPES = YES;
				CLANG_WARN_SUSPICIOUS_MOVE = YES;
				CLANG_WARN_UNGUARDED_AVAILABILITY = YES_AGGRESSIVE;
				CLANG_WARN_UNREACHABLE_CODE = YES;
				CLANG_WARN__DUPLICATE_METHOD_MATCH = YES;
				CODE_SIGN_IDENTITY = "iPhone Developer";
				COPY_PHASE_STRIP = NO;
				DEBUG_INFORMATION_FORMAT = dwarf;
				ENABLE_STRICT_OBJC_MSGSEND = YES;
				ENABLE_TESTABILITY = YES;
				GCC_C_LANGUAGE_STANDARD = gnu11;
				GCC_DYNAMIC_NO_PIC = NO;
				GCC_NO_COMMON_BLOCKS = YES;
				GCC_OPTIMIZATION_LEVEL = 0;
				GCC_PREPROCESSOR_DEFINITIONS = (
					"DEBUG=1",
					"$(inherited)",
				);
				GCC_WARN_64_TO_32_BIT_CONVERSION = YES;
				GCC_WARN_ABOUT_RETURN_TYPE = YES_ERROR;
				GCC_WARN_UNDECLARED_SELECTOR = YES;
				GCC_WARN_UNINITIALIZED_AUTOS = YES_AGGRESSIVE;
				GCC_WARN_UNUSED_FUNCTION = YES;
				GCC_WARN_UNUSED_VARIABLE = YES;
				IPHONEOS_DEPLOYMENT_TARGET = 12.0;
				MTL_ENABLE_DEBUG_INFO = INCLUDE_SOURCE;
				MTL_FAST_MATH = YES;
				ONLY_ACTIVE_ARCH = YES;
				SDKROOT = iphoneos;
				SWIFT_ACTIVE_COMPILATION_CONDITIONS = DEBUG;
				SWIFT_OPTIMIZATION_LEVEL = "-Onone";
			};
			name = Debug;
		};
		A560CACA210FD9330020861D /* Release */ = {
			isa = XCBuildConfiguration;
			buildSettings = {
				ALWAYS_SEARCH_USER_PATHS = NO;
				CLANG_ANALYZER_NONNULL = YES;
				CLANG_ANALYZER_NUMBER_OBJECT_CONVERSION = YES_AGGRESSIVE;
				CLANG_CXX_LANGUAGE_STANDARD = "gnu++14";
				CLANG_CXX_LIBRARY = "libc++";
				CLANG_ENABLE_MODULES = YES;
				CLANG_ENABLE_OBJC_ARC = YES;
				CLANG_ENABLE_OBJC_WEAK = YES;
				CLANG_WARN_BLOCK_CAPTURE_AUTORELEASING = YES;
				CLANG_WARN_BOOL_CONVERSION = YES;
				CLANG_WARN_COMMA = YES;
				CLANG_WARN_CONSTANT_CONVERSION = YES;
				CLANG_WARN_DEPRECATED_OBJC_IMPLEMENTATIONS = YES;
				CLANG_WARN_DIRECT_OBJC_ISA_USAGE = YES_ERROR;
				CLANG_WARN_DOCUMENTATION_COMMENTS = YES;
				CLANG_WARN_EMPTY_BODY = YES;
				CLANG_WARN_ENUM_CONVERSION = YES;
				CLANG_WARN_INFINITE_RECURSION = YES;
				CLANG_WARN_INT_CONVERSION = YES;
				CLANG_WARN_NON_LITERAL_NULL_CONVERSION = YES;
				CLANG_WARN_OBJC_IMPLICIT_RETAIN_SELF = YES;
				CLANG_WARN_OBJC_LITERAL_CONVERSION = YES;
				CLANG_WARN_OBJC_ROOT_CLASS = YES_ERROR;
				CLANG_WARN_RANGE_LOOP_ANALYSIS = YES;
				CLANG_WARN_STRICT_PROTOTYPES = YES;
				CLANG_WARN_SUSPICIOUS_MOVE = YES;
				CLANG_WARN_UNGUARDED_AVAILABILITY = YES_AGGRESSIVE;
				CLANG_WARN_UNREACHABLE_CODE = YES;
				CLANG_WARN__DUPLICATE_METHOD_MATCH = YES;
				CODE_SIGN_IDENTITY = "iPhone Developer";
				COPY_PHASE_STRIP = NO;
				DEBUG_INFORMATION_FORMAT = "dwarf-with-dsym";
				ENABLE_NS_ASSERTIONS = NO;
				ENABLE_STRICT_OBJC_MSGSEND = YES;
				GCC_C_LANGUAGE_STANDARD = gnu11;
				GCC_NO_COMMON_BLOCKS = YES;
				GCC_WARN_64_TO_32_BIT_CONVERSION = YES;
				GCC_WARN_ABOUT_RETURN_TYPE = YES_ERROR;
				GCC_WARN_UNDECLARED_SELECTOR = YES;
				GCC_WARN_UNINITIALIZED_AUTOS = YES_AGGRESSIVE;
				GCC_WARN_UNUSED_FUNCTION = YES;
				GCC_WARN_UNUSED_VARIABLE = YES;
				IPHONEOS_DEPLOYMENT_TARGET = 12.0;
				MTL_ENABLE_DEBUG_INFO = NO;
				MTL_FAST_MATH = YES;
				SDKROOT = iphoneos;
				SWIFT_COMPILATION_MODE = wholemodule;
				SWIFT_OPTIMIZATION_LEVEL = "-O";
				VALIDATE_PRODUCT = YES;
			};
			name = Release;
		};
		A560CACC210FD9330020861D /* Debug */ = {
			isa = XCBuildConfiguration;
			buildSettings = {
				ASSETCATALOG_COMPILER_APPICON_NAME = AppIcon;
				CODE_SIGN_STYLE = Automatic;
				DEVELOPMENT_TEAM = 7648369VT6;
				INFOPLIST_FILE = SimpleCheckList/Info.plist;
				IPHONEOS_DEPLOYMENT_TARGET = 12.0;
				LD_RUNPATH_SEARCH_PATHS = (
					"$(inherited)",
					"@executable_path/Frameworks",
				);
				PRODUCT_BUNDLE_IDENTIFIER = timmy.SimpleCheckList;
				PRODUCT_NAME = "$(TARGET_NAME)";
				SWIFT_VERSION = 4.2;
				TARGETED_DEVICE_FAMILY = "1,2";
			};
			name = Debug;
		};
		A560CACD210FD9330020861D /* Release */ = {
			isa = XCBuildConfiguration;
			buildSettings = {
				ASSETCATALOG_COMPILER_APPICON_NAME = AppIcon;
				CODE_SIGN_STYLE = Automatic;
				DEVELOPMENT_TEAM = 7648369VT6;
				INFOPLIST_FILE = SimpleCheckList/Info.plist;
				IPHONEOS_DEPLOYMENT_TARGET = 12.0;
				LD_RUNPATH_SEARCH_PATHS = (
					"$(inherited)",
					"@executable_path/Frameworks",
				);
				PRODUCT_BUNDLE_IDENTIFIER = timmy.SimpleCheckList;
				PRODUCT_NAME = "$(TARGET_NAME)";
				SWIFT_VERSION = 4.2;
				TARGETED_DEVICE_FAMILY = "1,2";
			};
			name = Release;
		};
/* End XCBuildConfiguration section */

/* Begin XCConfigurationList section */
		A560CAB1210FD9320020861D /* Build configuration list for PBXProject "SimpleCheckList" */ = {
			isa = XCConfigurationList;
			buildConfigurations = (
				A560CAC9210FD9330020861D /* Debug */,
				A560CACA210FD9330020861D /* Release */,
			);
			defaultConfigurationIsVisible = 0;
			defaultConfigurationName = Release;
		};
		A560CACB210FD9330020861D /* Build configuration list for PBXNativeTarget "SimpleCheckList" */ = {
			isa = XCConfigurationList;
			buildConfigurations = (
				A560CACC210FD9330020861D /* Debug */,
				A560CACD210FD9330020861D /* Release */,
			);
			defaultConfigurationIsVisible = 0;
			defaultConfigurationName = Release;
		};
/* End XCConfigurationList section */

/* Begin XCVersionGroup section */
		A560CAC0210FD9320020861D /* SimpleCheckList.xcdatamodeld */ = {
			isa = XCVersionGroup;
			children = (
				A560CAC1210FD9320020861D /* SimpleCheckList.xcdatamodel */,
			);
			currentVersion = A560CAC1210FD9320020861D /* SimpleCheckList.xcdatamodel */;
			path = SimpleCheckList.xcdatamodeld;
			sourceTree = "<group>";
			versionGroupType = wrapper.xcdatamodel;
		};
/* End XCVersionGroup section */
	};
	rootObject = A560CAAE210FD9320020861D /* Project object */;
}
